
Microsoft Visual Studio Solution File, Format Version 12.00
# Visual Studio Version 17
VisualStudioVersion = 17.14.36109.1 d17.14
MinimumVisualStudioVersion = 10.0.40219.1
Project("{FAE04EC0-301F-11D3-BF4B-00C04F79EFBC}") = "PV Calculate", "PV Calculate\PV Calculate.csproj", "{8AC5C01A-D7B0-44DE-89E9-6CEA7D142E37}"
EndProject
Global
	GlobalSection(SolutionConfigurationPlatforms) = preSolution
		Debug|Any CPU = Debug|Any CPU
		Release|Any CPU = Release|Any CPU
	EndGlobalSection
	GlobalSection(ProjectConfigurationPlatforms) = postSolution
		{8AC5C01A-D7B0-44DE-89E9-6CEA7D142E37}.Debug|Any CPU.ActiveCfg = Debug|Any CPU
		{8AC5C01A-D7B0-44DE-89E9-6CEA7D142E37}.Debug|Any CPU.Build.0 = Debug|Any CPU
		{8AC5C01A-D7B0-44DE-89E9-6CEA7D142E37}.Release|Any CPU.ActiveCfg = Release|Any CPU
		{8AC5C01A-D7B0-44DE-89E9-6CEA7D142E37}.Release|Any CPU.Build.0 = Release|Any CPU
	EndGlobalSection
	GlobalSection(SolutionProperties) = preSolution
		HideSolutionNode = FALSE
	EndGlobalSection
	GlobalSection(ExtensibilityGlobals) = postSolution
		SolutionGuid = {6F23D66F-75B9-4028-AB92-24449D4E2D9B}
	EndGlobalSection
EndGlobal
